{
  "requires": true,
  "lockfileVersion": 1,
  "dependencies": {
    "@sindresorhus/is": {
      "version": "2.1.0",
      "resolved": "https://a0us.jfrog.io/a0us/api/npm/npm/@sindresorhus/is/-/is-2.1.0.tgz",
      "integrity": "sha1-atTKYQ9pYJjpKVSrQx/4O+oM4T8="
    },
    "@szmarczak/http-timer": {
      "version": "4.0.5",
      "resolved": "https://a0us.jfrog.io/a0us/api/npm/npm/@szmarczak/http-timer/-/http-timer-4.0.5.tgz",
      "integrity": "sha1-v71QIR6d+lG6B9pYoUzf0zMgUVI=",
      "requires": {
        "defer-to-connect": "^2.0.0"
      }
    },
    "@types/cacheable-request": {
      "version": "6.0.1",
      "resolved": "https://a0us.jfrog.io/a0us/api/npm/npm/@types/cacheable-request/-/cacheable-request-6.0.1.tgz",
      "integrity": "sha1-XSLz3e0f06hMC761A5p0GcLJGXY=",
      "requires": {
        "@types/http-cache-semantics": "*",
        "@types/keyv": "*",
        "@types/node": "*",
        "@types/responselike": "*"
      }
    },
    "@types/http-cache-semantics": {
      "version": "4.0.0",
      "resolved": "https://a0us.jfrog.io/a0us/api/npm/npm/@types/http-cache-semantics/-/http-cache-semantics-4.0.0.tgz",
      "integrity": "sha1-kUB3lzaqJlVjXudW4kZ9eHz+iio="
    },
    "@types/keyv": {
      "version": "3.1.1",
      "resolved": "https://a0us.jfrog.io/a0us/api/npm/npm/@types/keyv/-/keyv-3.1.1.tgz",
      "integrity": "sha1-5FpFMk/KnatxarEjDuJJyftSz6c=",
      "requires": {
        "@types/node": "*"
      }
    },
    "@types/node": {
      "version": "13.11.1",
      "resolved": "https://a0us.jfrog.io/a0us/api/npm/npm/@types/node/-/node-13.11.1.tgz",
      "integrity": "sha1-SaKoPfnSbarOrTDQzMh2KxKNU8c="
    },
    "@types/responselike": {
      "version": "1.0.0",
      "resolved": "https://a0us.jfrog.io/a0us/api/npm/npm/@types/responselike/-/responselike-1.0.0.tgz",
      "integrity": "sha1-JR9P59FU0rrRJavhtCmyOv0mLik=",
      "requires": {
        "@types/node": "*"
      }
    },
    "accepts": {
      "version": "1.3.7",
      "resolved": "https://a0us.jfrog.io/a0us/api/npm/npm/accepts/-/accepts-1.3.7.tgz",
      "integrity": "sha1-UxvHJlF6OytB+FACHGzBXqq1B80=",
      "requires": {
        "mime-types": "~2.1.24",
        "negotiator": "0.6.2"
      }
    },
    "array-flatten": {
      "version": "1.1.1",
      "resolved": "https://a0us.jfrog.io/a0us/api/npm/npm/array-flatten/-/array-flatten-1.1.1.tgz",
      "integrity": "sha1-ml9pkFGx5wczKPKgCJaLZOopVdI="
    },
    "body-parser": {
      "version": "1.19.0",
      "resolved": "https://a0us.jfrog.io/a0us/api/npm/npm/body-parser/-/body-parser-1.19.0.tgz",
      "integrity": "sha1-lrJwnlfJxOCab9Zqj9l5hE9p8Io=",
      "requires": {
        "bytes": "3.1.0",
        "content-type": "~1.0.4",
        "debug": "2.6.9",
        "depd": "~1.1.2",
        "http-errors": "1.7.2",
        "iconv-lite": "0.4.24",
        "on-finished": "~2.3.0",
        "qs": "6.7.0",
        "raw-body": "2.4.0",
        "type-is": "~1.6.17"
      }
    },
    "bytes": {
      "version": "3.1.0",
      "resolved": "https://a0us.jfrog.io/a0us/api/npm/npm/bytes/-/bytes-3.1.0.tgz",
      "integrity": "sha1-9s95M6Ng4FiPqf3oVlHNx/gF0fY="
    },
    "cacheable-lookup": {
      "version": "2.0.1",
      "resolved": "https://a0us.jfrog.io/a0us/api/npm/npm/cacheable-lookup/-/cacheable-lookup-2.0.1.tgz",
      "integrity": "sha1-h75koYuSUjSHXhCpux68pK3Oazg=",
      "requires": {
        "@types/keyv": "^3.1.1",
        "keyv": "^4.0.0"
      }
    },
    "cacheable-request": {
      "version": "7.0.1",
      "resolved": "https://a0us.jfrog.io/a0us/api/npm/npm/cacheable-request/-/cacheable-request-7.0.1.tgz",
      "integrity": "sha1-BiAxwoViMngu1pSiV/o12pOUKlg=",
      "requires": {
        "clone-response": "^1.0.2",
        "get-stream": "^5.1.0",
        "http-cache-semantics": "^4.0.0",
        "keyv": "^4.0.0",
        "lowercase-keys": "^2.0.0",
        "normalize-url": "^4.1.0",
        "responselike": "^2.0.0"
      }
    },
    "clone-response": {
      "version": "1.0.2",
      "resolved": "https://a0us.jfrog.io/a0us/api/npm/npm/clone-response/-/clone-response-1.0.2.tgz",
      "integrity": "sha1-0dyXOSAxTfZ/vrlCI7TuNQI56Ws=",
      "requires": {
        "mimic-response": "^1.0.0"
      },
      "dependencies": {
        "mimic-response": {
          "version": "1.0.1",
          "resolved": "https://a0us.jfrog.io/a0us/api/npm/npm/mimic-response/-/mimic-response-1.0.1.tgz",
          "integrity": "sha1-SSNTiHju9CBjy4o+OweYeBSHqxs="
        }
      }
    },
    "content-disposition": {
      "version": "0.5.3",
      "resolved": "https://a0us.jfrog.io/a0us/api/npm/npm/content-disposition/-/content-disposition-0.5.3.tgz",
      "integrity": "sha1-4TDK9+cnkIfFYWwgB9BIVpiYT70=",
      "requires": {
        "safe-buffer": "5.1.2"
      }
    },
    "content-type": {
      "version": "1.0.4",
      "resolved": "https://a0us.jfrog.io/a0us/api/npm/npm/content-type/-/content-type-1.0.4.tgz",
      "integrity": "sha1-4TjMdeBAxyexlm/l5fjJruJW/js="
    },
    "cookie": {
      "version": "0.4.0",
      "resolved": "https://a0us.jfrog.io/a0us/api/npm/npm/cookie/-/cookie-0.4.0.tgz",
      "integrity": "sha1-vrQ35wIrO21JAZ0IhmUwPr6cFLo="
    },
    "cookie-signature": {
      "version": "1.0.6",
      "resolved": "https://a0us.jfrog.io/a0us/api/npm/npm/cookie-signature/-/cookie-signature-1.0.6.tgz",
      "integrity": "sha1-4wOogrNCzD7oylE6eZmXNNqzriw="
    },
    "debug": {
      "version": "2.6.9",
      "resolved": "https://a0us.jfrog.io/a0us/api/npm/npm/debug/-/debug-2.6.9.tgz",
      "integrity": "sha1-XRKFFd8TT/Mn6QpMk/Tgd6U2NB8=",
      "requires": {
        "ms": "2.0.0"
      }
    },
    "decompress-response": {
      "version": "5.0.0",
      "resolved": "https://a0us.jfrog.io/a0us/api/npm/npm/decompress-response/-/decompress-response-5.0.0.tgz",
      "integrity": "sha1-eEk5boDj0euoyy9170kw92Rhyw8=",
      "requires": {
        "mimic-response": "^2.0.0"
      }
    },
    "defer-to-connect": {
      "version": "2.0.0",
      "resolved": "https://a0us.jfrog.io/a0us/api/npm/npm/defer-to-connect/-/defer-to-connect-2.0.0.tgz",
      "integrity": "sha1-g9axmdsEFZOshNeBtSIjCMz0wsE="
    },
    "depd": {
      "version": "1.1.2",
      "resolved": "https://a0us.jfrog.io/a0us/api/npm/npm/depd/-/depd-1.1.2.tgz",
      "integrity": "sha1-m81S4UwJd2PnSbJ0xDRu0uVgtak="
    },
    "destroy": {
      "version": "1.0.4",
      "resolved": "https://a0us.jfrog.io/a0us/api/npm/npm/destroy/-/destroy-1.0.4.tgz",
      "integrity": "sha1-l4hXRCxEdJ5CBmE+N5RiBYJqvYA="
    },
    "duplexer3": {
      "version": "0.1.4",
      "resolved": "https://a0us.jfrog.io/a0us/api/npm/npm/duplexer3/-/duplexer3-0.1.4.tgz",
      "integrity": "sha1-7gHdHKwO08vH/b6jfcCo8c4ALOI="
    },
    "ee-first": {
      "version": "1.1.1",
      "resolved": "https://a0us.jfrog.io/a0us/api/npm/npm/ee-first/-/ee-first-1.1.1.tgz",
      "integrity": "sha1-WQxhFWsK4vTwJVcyoViyZrxWsh0="
    },
    "encodeurl": {
      "version": "1.0.2",
      "resolved": "https://a0us.jfrog.io/a0us/api/npm/npm/encodeurl/-/encodeurl-1.0.2.tgz",
      "integrity": "sha1-rT/0yG7C0CkyL1oCw6mmBslbP1k="
    },
    "end-of-stream": {
      "version": "1.4.4",
      "resolved": "https://a0us.jfrog.io/a0us/api/npm/npm/end-of-stream/-/end-of-stream-1.4.4.tgz",
      "integrity": "sha1-WuZKX0UFe682JuwU2gyl5LJDHrA=",
      "requires": {
        "once": "^1.4.0"
      }
    },
    "escape-html": {
      "version": "1.0.3",
      "resolved": "https://a0us.jfrog.io/a0us/api/npm/npm/escape-html/-/escape-html-1.0.3.tgz",
      "integrity": "sha1-Aljq5NPQwJdN4cFpGI7wBR0dGYg="
    },
    "etag": {
      "version": "1.8.1",
      "resolved": "https://a0us.jfrog.io/a0us/api/npm/npm/etag/-/etag-1.8.1.tgz",
      "integrity": "sha1-Qa4u62XvpiJorr/qg6x9eSmbCIc="
    },
    "express": {
      "version": "4.17.1",
      "resolved": "https://a0us.jfrog.io/a0us/api/npm/npm/express/-/express-4.17.1.tgz",
      "integrity": "sha1-RJH8OGBc9R+GKdOcK10Cb5ikwTQ=",
      "requires": {
        "accepts": "~1.3.7",
        "array-flatten": "1.1.1",
        "body-parser": "1.19.0",
        "content-disposition": "0.5.3",
        "content-type": "~1.0.4",
        "cookie": "0.4.0",
        "cookie-signature": "1.0.6",
        "debug": "2.6.9",
        "depd": "~1.1.2",
        "encodeurl": "~1.0.2",
        "escape-html": "~1.0.3",
        "etag": "~1.8.1",
        "finalhandler": "~1.1.2",
        "fresh": "0.5.2",
        "merge-descriptors": "1.0.1",
        "methods": "~1.1.2",
        "on-finished": "~2.3.0",
        "parseurl": "~1.3.3",
        "path-to-regexp": "0.1.7",
        "proxy-addr": "~2.0.5",
        "qs": "6.7.0",
        "range-parser": "~1.2.1",
        "safe-buffer": "5.1.2",
        "send": "0.17.1",
        "serve-static": "1.14.1",
        "setprototypeof": "1.1.1",
        "statuses": "~1.5.0",
        "type-is": "~1.6.18",
        "utils-merge": "1.0.1",
        "vary": "~1.1.2"
      }
    },
    "finalhandler": {
      "version": "1.1.2",
      "resolved": "https://a0us.jfrog.io/a0us/api/npm/npm/finalhandler/-/finalhandler-1.1.2.tgz",
      "integrity": "sha1-t+fQAP/RGTjQ/bBTUG9uur6fWH0=",
      "requires": {
        "debug": "2.6.9",
        "encodeurl": "~1.0.2",
        "escape-html": "~1.0.3",
        "on-finished": "~2.3.0",
        "parseurl": "~1.3.3",
        "statuses": "~1.5.0",
        "unpipe": "~1.0.0"
      }
    },
    "forwarded": {
      "version": "0.1.2",
      "resolved": "https://a0us.jfrog.io/a0us/api/npm/npm/forwarded/-/forwarded-0.1.2.tgz",
      "integrity": "sha1-mMI9qxF1ZXuMBXPozszZGw/xjIQ="
    },
    "fresh": {
      "version": "0.5.2",
      "resolved": "https://a0us.jfrog.io/a0us/api/npm/npm/fresh/-/fresh-0.5.2.tgz",
      "integrity": "sha1-PYyt2Q2XZWn6g1qx+OSyOhBWBac="
    },
    "get-stream": {
      "version": "5.1.0",
      "resolved": "https://a0us.jfrog.io/a0us/api/npm/npm/get-stream/-/get-stream-5.1.0.tgz",
      "integrity": "sha1-ASA83JJZf5uQkGfD5lbMH008Tck=",
      "requires": {
        "pump": "^3.0.0"
      }
    },
    "got": {
      "version": "10.7.0",
      "resolved": "https://a0us.jfrog.io/a0us/api/npm/npm/got/-/got-10.7.0.tgz",
      "integrity": "sha1-YoidvNbMoyzWoVTMLQxolRIdCR8=",
      "requires": {
        "@sindresorhus/is": "^2.0.0",
        "@szmarczak/http-timer": "^4.0.0",
        "@types/cacheable-request": "^6.0.1",
        "cacheable-lookup": "^2.0.0",
        "cacheable-request": "^7.0.1",
        "decompress-response": "^5.0.0",
        "duplexer3": "^0.1.4",
        "get-stream": "^5.0.0",
        "lowercase-keys": "^2.0.0",
        "mimic-response": "^2.1.0",
        "p-cancelable": "^2.0.0",
        "p-event": "^4.0.0",
        "responselike": "^2.0.0",
        "to-readable-stream": "^2.0.0",
        "type-fest": "^0.10.0"
      }
    },
    "http-cache-semantics": {
      "version": "4.1.0",
      "resolved": "https://a0us.jfrog.io/a0us/api/npm/npm/http-cache-semantics/-/http-cache-semantics-4.1.0.tgz",
      "integrity": "sha1-SekcXL82yblLz81xwj1SSex045A="
    },
    "http-errors": {
      "version": "1.7.2",
      "resolved": "https://a0us.jfrog.io/a0us/api/npm/npm/http-errors/-/http-errors-1.7.2.tgz",
      "integrity": "sha1-T1ApzxMjnzEDblsuVSkrz7zIXI8=",
      "requires": {
        "depd": "~1.1.2",
        "inherits": "2.0.3",
        "setprototypeof": "1.1.1",
        "statuses": ">= 1.5.0 < 2",
        "toidentifier": "1.0.0"
      }
    },
    "iconv-lite": {
      "version": "0.4.24",
      "resolved": "https://a0us.jfrog.io/a0us/api/npm/npm/iconv-lite/-/iconv-lite-0.4.24.tgz",
      "integrity": "sha1-ICK0sl+93CHS9SSXSkdKr+czkIs=",
      "requires": {
        "safer-buffer": ">= 2.1.2 < 3"
      }
    },
    "inherits": {
      "version": "2.0.3",
      "resolved": "https://a0us.jfrog.io/a0us/api/npm/npm/inherits/-/inherits-2.0.3.tgz",
      "integrity": "sha1-Yzwsg+PaQqUC9SRmAiSA9CCCYd4="
    },
    "ipaddr.js": {
      "version": "1.9.1",
      "resolved": "https://a0us.jfrog.io/a0us/api/npm/npm/ipaddr.js/-/ipaddr.js-1.9.1.tgz",
      "integrity": "sha1-v/OFQ+64mEglB5/zoqjmy9RngbM="
    },
    "json-buffer": {
      "version": "3.0.1",
      "resolved": "https://a0us.jfrog.io/a0us/api/npm/npm/json-buffer/-/json-buffer-3.0.1.tgz",
      "integrity": "sha1-kziAKjDTtmBfvgYT4JQAjKjAWhM="
    },
    "keyv": {
      "version": "4.0.0",
      "resolved": "https://a0us.jfrog.io/a0us/api/npm/npm/keyv/-/keyv-4.0.0.tgz",
      "integrity": "sha1-LR2raUkmstQn5MdIBKEIUL5EwS8=",
      "requires": {
        "json-buffer": "3.0.1"
      }
    },
    "lowercase-keys": {
      "version": "2.0.0",
      "resolved": "https://a0us.jfrog.io/a0us/api/npm/npm/lowercase-keys/-/lowercase-keys-2.0.0.tgz",
      "integrity": "sha1-JgPni3tLAAbLyi+8yKMgJVislHk="
    },
    "media-typer": {
      "version": "0.3.0",
      "resolved": "https://a0us.jfrog.io/a0us/api/npm/npm/media-typer/-/media-typer-0.3.0.tgz",
      "integrity": "sha1-hxDXrwqmJvj/+hzgAWhUUmMlV0g="
    },
    "merge-descriptors": {
      "version": "1.0.1",
      "resolved": "https://a0us.jfrog.io/a0us/api/npm/npm/merge-descriptors/-/merge-descriptors-1.0.1.tgz",
      "integrity": "sha1-sAqqVW3YtEVoFQ7J0blT8/kMu2E="
    },
    "methods": {
      "version": "1.1.2",
      "resolved": "https://a0us.jfrog.io/a0us/api/npm/npm/methods/-/methods-1.1.2.tgz",
      "integrity": "sha1-VSmk1nZUE07cxSZmVoNbD4Ua/O4="
    },
    "mime": {
      "version": "1.6.0",
      "resolved": "https://a0us.jfrog.io/a0us/api/npm/npm/mime/-/mime-1.6.0.tgz",
      "integrity": "sha1-Ms2eXGRVO9WNGaVor0Uqz/BJgbE="
    },
    "mime-db": {
      "version": "1.43.0",
      "resolved": "https://a0us.jfrog.io/a0us/api/npm/npm/mime-db/-/mime-db-1.43.0.tgz",
      "integrity": "sha1-ChLgUCZQ5HPXNVNQUOfI9OtPrlg="
    },
    "mime-types": {
      "version": "2.1.26",
      "resolved": "https://a0us.jfrog.io/a0us/api/npm/npm/mime-types/-/mime-types-2.1.26.tgz",
      "integrity": "sha1-nJIfwJt+FJpl39wNpNIJlyALCgY=",
      "requires": {
        "mime-db": "1.43.0"
      }
    },
    "mimic-response": {
      "version": "2.1.0",
      "resolved": "https://a0us.jfrog.io/a0us/api/npm/npm/mimic-response/-/mimic-response-2.1.0.tgz",
      "integrity": "sha1-0Tdj019hPQnsN+uzC6wEacDuj0M="
    },
    "ms": {
      "version": "2.0.0",
      "resolved": "https://a0us.jfrog.io/a0us/api/npm/npm/ms/-/ms-2.0.0.tgz",
      "integrity": "sha1-VgiurfwAvmwpAd9fmGF4jeDVl8g="
    },
    "negotiator": {
      "version": "0.6.2",
      "resolved": "https://a0us.jfrog.io/a0us/api/npm/npm/negotiator/-/negotiator-0.6.2.tgz",
      "integrity": "sha1-/qz3zPUlp3rpY0Q2pkiD/+yjRvs="
    },
    "normalize-url": {
      "version": "4.5.0",
      "resolved": "https://a0us.jfrog.io/a0us/api/npm/npm/normalize-url/-/normalize-url-4.5.0.tgz",
      "integrity": "sha1-RTNUCH5sqWlXvY9br3U/WYIUISk="
    },
    "on-finished": {
      "version": "2.3.0",
      "resolved": "https://a0us.jfrog.io/a0us/api/npm/npm/on-finished/-/on-finished-2.3.0.tgz",
      "integrity": "sha1-IPEzZIGwg811M3mSoWlxqi2QaUc=",
      "requires": {
        "ee-first": "1.1.1"
      }
    },
    "once": {
      "version": "1.4.0",
      "resolved": "https://a0us.jfrog.io/a0us/api/npm/npm/once/-/once-1.4.0.tgz",
      "integrity": "sha1-WDsap3WWHUsROsF9nFC6753Xa9E=",
      "requires": {
        "wrappy": "1"
      }
    },
    "p-cancelable": {
      "version": "2.0.0",
      "resolved": "https://a0us.jfrog.io/a0us/api/npm/npm/p-cancelable/-/p-cancelable-2.0.0.tgz",
      "integrity": "sha1-SjdA9b2vXtXXw+NIgsb7XWsmam4="
    },
    "p-event": {
      "version": "4.1.0",
      "resolved": "https://a0us.jfrog.io/a0us/api/npm/npm/p-event/-/p-event-4.1.0.tgz",
      "integrity": "sha1-6Su4Ztfo5bcyKTscgmnTjpmCv44=",
      "requires": {
        "p-timeout": "^2.0.1"
      }
    },
    "p-finally": {
      "version": "1.0.0",
      "resolved": "https://a0us.jfrog.io/a0us/api/npm/npm/p-finally/-/p-finally-1.0.0.tgz",
      "integrity": "sha1-P7z7FbiZpEEjs0ttzBi3JDNqLK4="
    },
    "p-timeout": {
      "version": "2.0.1",
      "resolved": "https://a0us.jfrog.io/a0us/api/npm/npm/p-timeout/-/p-timeout-2.0.1.tgz",
      "integrity": "sha1-2N0ZeVldLcATnh/ka4tkbLPN8Dg=",
      "requires": {
        "p-finally": "^1.0.0"
      }
    },
    "parseurl": {
      "version": "1.3.3",
      "resolved": "https://a0us.jfrog.io/a0us/api/npm/npm/parseurl/-/parseurl-1.3.3.tgz",
      "integrity": "sha1-naGee+6NEt/wUT7Vt2lXeTvC6NQ="
    },
    "path-to-regexp": {
      "version": "0.1.7",
      "resolved": "https://a0us.jfrog.io/a0us/api/npm/npm/path-to-regexp/-/path-to-regexp-0.1.7.tgz",
      "integrity": "sha1-32BBeABfUi8V60SQ5yR6G/qmf4w="
    },
    "proxy-addr": {
      "version": "2.0.6",
      "resolved": "https://a0us.jfrog.io/a0us/api/npm/npm/proxy-addr/-/proxy-addr-2.0.6.tgz",
      "integrity": "sha1-/cIzZQVEfT8vLGOO0nLK9hS7sr8=",
      "requires": {
        "forwarded": "~0.1.2",
        "ipaddr.js": "1.9.1"
      }
    },
    "pump": {
      "version": "3.0.0",
      "resolved": "https://a0us.jfrog.io/a0us/api/npm/npm/pump/-/pump-3.0.0.tgz",
      "integrity": "sha1-tKIRaBW94vTh6mAjVOjHVWUQemQ=",
      "requires": {
        "end-of-stream": "^1.1.0",
        "once": "^1.3.1"
      }
    },
    "qs": {
      "version": "6.7.0",
      "resolved": "https://a0us.jfrog.io/a0us/api/npm/npm/qs/-/qs-6.7.0.tgz",
      "integrity": "sha1-QdwaAV49WB8WIXdr4xr7KHapsbw="
    },
    "range-parser": {
      "version": "1.2.1",
      "resolved": "https://a0us.jfrog.io/a0us/api/npm/npm/range-parser/-/range-parser-1.2.1.tgz",
      "integrity": "sha1-PPNwI9GZ4cJNGlW4SADC8+ZGgDE="
    },
    "raw-body": {
      "version": "2.4.0",
      "resolved": "https://a0us.jfrog.io/a0us/api/npm/npm/raw-body/-/raw-body-2.4.0.tgz",
      "integrity": "sha1-oc5vucm8NWylLoklarWQWeE9AzI=",
      "requires": {
        "bytes": "3.1.0",
        "http-errors": "1.7.2",
        "iconv-lite": "0.4.24",
        "unpipe": "1.0.0"
      }
    },
    "responselike": {
      "version": "2.0.0",
      "resolved": "https://a0us.jfrog.io/a0us/api/npm/npm/responselike/-/responselike-2.0.0.tgz",
      "integrity": "sha1-JjkbzDF091D5p56sxAoSpcQtdyM=",
      "requires": {
        "lowercase-keys": "^2.0.0"
      }
    },
    "safe-buffer": {
      "version": "5.1.2",
      "resolved": "https://a0us.jfrog.io/a0us/api/npm/npm/safe-buffer/-/safe-buffer-5.1.2.tgz",
      "integrity": "sha1-mR7GnSluAxN0fVm9/St0XDX4go0="
    },
    "safer-buffer": {
      "version": "2.1.2",
      "resolved": "https://a0us.jfrog.io/a0us/api/npm/npm/safer-buffer/-/safer-buffer-2.1.2.tgz",
      "integrity": "sha1-RPoWGwGHuVSd2Eu5GAL5vYOFzWo="
    },
    "send": {
      "version": "0.17.1",
      "resolved": "https://a0us.jfrog.io/a0us/api/npm/npm/send/-/send-0.17.1.tgz",
      "integrity": "sha1-wdiwWfeQD3Rm3Uk4vcROEd2zdsg=",
      "requires": {
        "debug": "2.6.9",
        "depd": "~1.1.2",
        "destroy": "~1.0.4",
        "encodeurl": "~1.0.2",
        "escape-html": "~1.0.3",
        "etag": "~1.8.1",
        "fresh": "0.5.2",
        "http-errors": "~1.7.2",
        "mime": "1.6.0",
        "ms": "2.1.1",
        "on-finished": "~2.3.0",
        "range-parser": "~1.2.1",
        "statuses": "~1.5.0"
      },
      "dependencies": {
        "ms": {
          "version": "2.1.1",
          "resolved": "https://a0us.jfrog.io/a0us/api/npm/npm/ms/-/ms-2.1.1.tgz",
          "integrity": "sha1-MKWGTrPrsKZvLr5tcnrwagnYbgo="
        }
      }
    },
    "serve-static": {
      "version": "1.14.1",
      "resolved": "https://a0us.jfrog.io/a0us/api/npm/npm/serve-static/-/serve-static-1.14.1.tgz",
      "integrity": "sha1-Zm5jbcTwEPfvKZcKiKZ0MgiYsvk=",
      "requires": {
        "encodeurl": "~1.0.2",
        "escape-html": "~1.0.3",
        "parseurl": "~1.3.3",
        "send": "0.17.1"
      }
    },
    "setprototypeof": {
      "version": "1.1.1",
      "resolved": "https://a0us.jfrog.io/a0us/api/npm/npm/setprototypeof/-/setprototypeof-1.1.1.tgz",
      "integrity": "sha1-fpWsskqpL1iF4KvvW6ExMw1K5oM="
    },
    "statuses": {
      "version": "1.5.0",
      "resolved": "https://a0us.jfrog.io/a0us/api/npm/npm/statuses/-/statuses-1.5.0.tgz",
      "integrity": "sha1-Fhx9rBd2Wf2YEfQ3cfqZOBR4Yow="
    },
    "to-readable-stream": {
      "version": "2.1.0",
      "resolved": "https://a0us.jfrog.io/a0us/api/npm/npm/to-readable-stream/-/to-readable-stream-2.1.0.tgz",
      "integrity": "sha1-gogDFhIb6mYs3CJq2zCt21DLBug="
    },
    "toidentifier": {
      "version": "1.0.0",
      "resolved": "https://a0us.jfrog.io/a0us/api/npm/npm/toidentifier/-/toidentifier-1.0.0.tgz",
      "integrity": "sha1-fhvjRw8ed5SLxD2Uo8j013UrpVM="
    },
    "type-fest": {
      "version": "0.10.0",
      "resolved": "https://a0us.jfrog.io/a0us/api/npm/npm/type-fest/-/type-fest-0.10.0.tgz",
      "integrity": "sha1-fwayufv8WBBo0TQf+r0DSc6vxkI="
    },
    "type-is": {
      "version": "1.6.18",
      "resolved": "https://a0us.jfrog.io/a0us/api/npm/npm/type-is/-/type-is-1.6.18.tgz",
      "integrity": "sha1-TlUs0F3wlGfcvE73Od6J8s83wTE=",
      "requires": {
        "media-typer": "0.3.0",
        "mime-types": "~2.1.24"
      }
    },
    "unpipe": {
      "version": "1.0.0",
      "resolved": "https://a0us.jfrog.io/a0us/api/npm/npm/unpipe/-/unpipe-1.0.0.tgz",
      "integrity": "sha1-sr9O6FFKrmFltIF4KdIbLvSZBOw="
    },
    "utils-merge": {
      "version": "1.0.1",
      "resolved": "https://a0us.jfrog.io/a0us/api/npm/npm/utils-merge/-/utils-merge-1.0.1.tgz",
      "integrity": "sha1-n5VxD1CiZ5R7LMwSR0HBAoQn5xM="
    },
    "vary": {
      "version": "1.1.2",
      "resolved": "https://a0us.jfrog.io/a0us/api/npm/npm/vary/-/vary-1.1.2.tgz",
      "integrity": "sha1-IpnwLG3tMNSllhsLn3RSShj2NPw="
    },
    "wrappy": {
      "version": "1.0.2",
      "resolved": "https://a0us.jfrog.io/a0us/api/npm/npm/wrappy/-/wrappy-1.0.2.tgz",
      "integrity": "sha1-tSQ9jz7BqjXxNkYFvA0QNuMKtp8="
    }
  }
}
